// !$*UTF8*$!
{
	archiveVersion = 1;
	classes = {
	};
	objectVersion = 56;
	objects = {

/* Begin PBXBuildFile section */
		502E39C02917DCE600BFAE1C /* WeatherViewController.swift in Sources */ = {isa = PBXBuildFile; fileRef = 502E39BF2917DCE600BFAE1C /* WeatherViewController.swift */; };
		502E39C32919146500BFAE1C /* WeatherData.swift in Sources */ = {isa = PBXBuildFile; fileRef = 502E39C22919146500BFAE1C /* WeatherData.swift */; };
		502E39C5291914D700BFAE1C /* WeatherModel.swift in Sources */ = {isa = PBXBuildFile; fileRef = 502E39C4291914D700BFAE1C /* WeatherModel.swift */; };
		502E39C72919160D00BFAE1C /* WeatherManager.swift in Sources */ = {isa = PBXBuildFile; fileRef = 502E39C62919160D00BFAE1C /* WeatherManager.swift */; };
		50DEBD672917D62700BEAD23 /* AppDelegate.swift in Sources */ = {isa = PBXBuildFile; fileRef = 50DEBD662917D62700BEAD23 /* AppDelegate.swift */; };
		50DEBD692917D62700BEAD23 /* SceneDelegate.swift in Sources */ = {isa = PBXBuildFile; fileRef = 50DEBD682917D62700BEAD23 /* SceneDelegate.swift */; };
		50DEBD702917D62800BEAD23 /* Assets.xcassets in Resources */ = {isa = PBXBuildFile; fileRef = 50DEBD6F2917D62800BEAD23 /* Assets.xcassets */; };
		50DEBD732917D62800BEAD23 /* LaunchScreen.storyboard in Resources */ = {isa = PBXBuildFile; fileRef = 50DEBD712917D62800BEAD23 /* LaunchScreen.storyboard */; };
		50DEBD7D2917DA0F00BEAD23 /* Main.storyboard in Resources */ = {isa = PBXBuildFile; fileRef = 50DEBD7B2917DA0F00BEAD23 /* Main.storyboard */; };
/* End PBXBuildFile section */

/* Begin PBXFileReference section */
		502E39BF2917DCE600BFAE1C /* WeatherViewController.swift */ = {isa = PBXFileReference; lastKnownFileType = sourcecode.swift; path = WeatherViewController.swift; sourceTree = "<group>"; };
		502E39C22919146500BFAE1C /* WeatherData.swift */ = {isa = PBXFileReference; lastKnownFileType = sourcecode.swift; path = WeatherData.swift; sourceTree = "<group>"; };
		502E39C4291914D700BFAE1C /* WeatherModel.swift */ = {isa = PBXFileReference; lastKnownFileType = sourcecode.swift; path = WeatherModel.swift; sourceTree = "<group>"; };
		502E39C62919160D00BFAE1C /* WeatherManager.swift */ = {isa = PBXFileReference; lastKnownFileType = sourcecode.swift; path = WeatherManager.swift; sourceTree = "<group>"; };
		50DEBD632917D62700BEAD23 /* Happy Clima.app */ = {isa = PBXFileReference; explicitFileType = wrapper.application; includeInIndex = 0; path = "Happy Clima.app"; sourceTree = BUILT_PRODUCTS_DIR; };
		50DEBD662917D62700BEAD23 /* AppDelegate.swift */ = {isa = PBXFileReference; lastKnownFileType = sourcecode.swift; path = AppDelegate.swift; sourceTree = "<group>"; };
		50DEBD682917D62700BEAD23 /* SceneDelegate.swift */ = {isa = PBXFileReference; lastKnownFileType = sourcecode.swift; path = SceneDelegate.swift; sourceTree = "<group>"; };
		50DEBD6F2917D62800BEAD23 /* Assets.xcassets */ = {isa = PBXFileReference; lastKnownFileType = folder.assetcatalog; path = Assets.xcassets; sourceTree = "<group>"; };
		50DEBD722917D62800BEAD23 /* Base */ = {isa = PBXFileReference; lastKnownFileType = file.storyboard; name = Base; path = Base.lproj/LaunchScreen.storyboard; sourceTree = "<group>"; };
		50DEBD742917D62800BEAD23 /* Info.plist */ = {isa = PBXFileReference; lastKnownFileType = text.plist.xml; path = Info.plist; sourceTree = "<group>"; };
		50DEBD7C2917DA0F00BEAD23 /* Base */ = {isa = PBXFileReference; lastKnownFileType = file.storyboard; name = Base; path = Base.lproj/Main.storyboard; sourceTree = "<group>"; };
/* End PBXFileReference section */

/* Begin PBXFrameworksBuildPhase section */
		50DEBD602917D62700BEAD23 /* Frameworks */ = {
			isa = PBXFrameworksBuildPhase;
			buildActionMask = 2147483647;
			files = (
			);
			runOnlyForDeploymentPostprocessing = 0;
		};
/* End PBXFrameworksBuildPhase section */

/* Begin PBXGroup section */
		502E39C12919143F00BFAE1C /* Model */ = {
			isa = PBXGroup;
			children = (
				502E39C22919146500BFAE1C /* WeatherData.swift */,
				502E39C4291914D700BFAE1C /* WeatherModel.swift */,
				502E39C62919160D00BFAE1C /* WeatherManager.swift */,
			);
			path = Model;
			sourceTree = "<group>";
		};
		50DEBD5A2917D62700BEAD23 = {
			isa = PBXGroup;
			children = (
				50DEBD652917D62700BEAD23 /* Happy Clima */,
				50DEBD642917D62700BEAD23 /* Products */,
			);
			sourceTree = "<group>";
		};
		50DEBD642917D62700BEAD23 /* Products */ = {
			isa = PBXGroup;
			children = (
				50DEBD632917D62700BEAD23 /* Happy Clima.app */,
			);
			name = Products;
			sourceTree = "<group>";
		};
		50DEBD652917D62700BEAD23 /* Happy Clima */ = {
			isa = PBXGroup;
			children = (
				50DEBD662917D62700BEAD23 /* AppDelegate.swift */,
				50DEBD682917D62700BEAD23 /* SceneDelegate.swift */,
				502E39C12919143F00BFAE1C /* Model */,
				50DEBD7E2917DA9A00BEAD23 /* Controller */,
				50DEBD7A2917DA0F00BEAD23 /* View */,
				50DEBD6F2917D62800BEAD23 /* Assets.xcassets */,
				50DEBD712917D62800BEAD23 /* LaunchScreen.storyboard */,
				50DEBD742917D62800BEAD23 /* Info.plist */,
			);
			path = "Happy Clima";
			sourceTree = "<group>";
		};
		50DEBD7A2917DA0F00BEAD23 /* View */ = {
			isa = PBXGroup;
			children = (
				50DEBD7B2917DA0F00BEAD23 /* Main.storyboard */,
			);
			path = View;
			sourceTree = "<group>";
		};
		50DEBD7E2917DA9A00BEAD23 /* Controller */ = {
			isa = PBXGroup;
			children = (
				502E39BF2917DCE600BFAE1C /* WeatherViewController.swift */,
			);
			path = Controller;
			sourceTree = "<group>";
		};
/* End PBXGroup section */

/* Begin PBXNativeTarget section */
		50DEBD622917D62700BEAD23 /* Happy Clima */ = {
			isa = PBXNativeTarget;
			buildConfigurationList = 50DEBD772917D62800BEAD23 /* Build configuration list for PBXNativeTarget "Happy Clima" */;
			buildPhases = (
				50DEBD5F2917D62700BEAD23 /* Sources */,
				50DEBD602917D62700BEAD23 /* Frameworks */,
				50DEBD612917D62700BEAD23 /* Resources */,
			);
			buildRules = (
			);
			dependencies = (
			);
			name = "Happy Clima";
			productName = "Happy Clima";
			productReference = 50DEBD632917D62700BEAD23 /* Happy Clima.app */;
			productType = "com.apple.product-type.application";
		};
/* End PBXNativeTarget section */

/* Begin PBXProject section */
		50DEBD5B2917D62700BEAD23 /* Project object */ = {
			isa = PBXProject;
			attributes = {
				BuildIndependentTargetsInParallel = 1;
				LastSwiftUpdateCheck = 1400;
				LastUpgradeCheck = 1400;
				TargetAttributes = {
					50DEBD622917D62700BEAD23 = {
						CreatedOnToolsVersion = 14.0.1;
					};
				};
			};
			buildConfigurationList = 50DEBD5E2917D62700BEAD23 /* Build configuration list for PBXProject "Happy Clima" */;
			compatibilityVersion = "Xcode 14.0";
			developmentRegion = en;
			hasScannedForEncodings = 0;
			knownRegions = (
				en,
				Base,
			);
			mainGroup = 50DEBD5A2917D62700BEAD23;
			productRefGroup = 50DEBD642917D62700BEAD23 /* Products */;
			projectDirPath = "";
			projectRoot = "";
			targets = (
				50DEBD622917D62700BEAD23 /* Happy Clima */,
			);
		};
/* End PBXProject section */

/* Begin PBXResourcesBuildPhase section */
		50DEBD612917D62700BEAD23 /* Resources */ = {
			isa = PBXResourcesBuildPhase;
			buildActionMask = 2147483647;
			files = (
				50DEBD7D2917DA0F00BEAD23 /* Main.storyboard in Resources */,
				50DEBD732917D62800BEAD23 /* LaunchScreen.storyboard in Resources */,
				50DEBD702917D62800BEAD23 /* Assets.xcassets in Resources */,
			);
			runOnlyForDeploymentPostprocessing = 0;
		};
/* End PBXResourcesBuildPhase section */

/* Begin PBXSourcesBuildPhase section */
		50DEBD5F2917D62700BEAD23 /* Sources */ = {
			isa = PBXSourcesBuildPhase;
			buildActionMask = 2147483647;
			files = (
				502E39C72919160D00BFAE1C /* WeatherManager.swift in Sources */,
				50DEBD672917D62700BEAD23 /* AppDelegate.swift in Sources */,
				502E39C02917DCE600BFAE1C /* WeatherViewController.swift in Sources */,
				502E39C32919146500BFAE1C /* WeatherData.swift in Sources */,
				50DEBD692917D62700BEAD23 /* SceneDelegate.swift in Sources */,
				502E39C5291914D700BFAE1C /* WeatherModel.swift in Sources */,
			);
			runOnlyForDeploymentPostprocessing = 0;
		};
/* End PBXSourcesBuildPhase section */

/* Begin PBXVariantGroup section */
		50DEBD712917D62800BEAD23 /* LaunchScreen.storyboard */ = {
			isa = PBXVariantGroup;
			children = (
				50DEBD722917D62800BEAD23 /* Base */,
			);
			name = LaunchScreen.storyboard;
			sourceTree = "<group>";
		};
		50DEBD7B2917DA0F00BEAD23 /* Main.storyboard */ = {
			isa = PBXVariantGroup;
			children = (
				50DEBD7C2917DA0F00BEAD23 /* Base */,
			);
			name = Main.storyboard;
			sourceTree = "<group>";
		};
/* End PBXVariantGroup section */

/* Begin XCBuildConfiguration section */
		50DEBD752917D62800BEAD23 /* Debug */ = {
			isa = XCBuildConfiguration;
			buildSettings = {
				ALWAYS_SEARCH_USER_PATHS = NO;
				CLANG_ANALYZER_NONNULL = YES;
				CLANG_ANALYZER_NUMBER_OBJECT_CONVERSION = YES_AGGRESSIVE;
				CLANG_CXX_LANGUAGE_STANDARD = "gnu++20";
				CLANG_ENABLE_MODULES = YES;
				CLANG_ENABLE_OBJC_ARC = YES;
				CLANG_ENABLE_OBJC_WEAK = YES;
				CLANG_WARN_BLOCK_CAPTURE_AUTORELEASING = YES;
				CLANG_WARN_BOOL_CONVERSION = YES;
				CLANG_WARN_COMMA = YES;
				CLANG_WARN_CONSTANT_CONVERSION = YES;
				CLANG_WARN_DEPRECATED_OBJC_IMPLEMENTATIONS = YES;
				CLANG_WARN_DIRECT_OBJC_ISA_USAGE = YES_ERROR;
				CLANG_WARN_DOCUMENTATION_COMMENTS = YES;
				CLANG_WARN_EMPTY_BODY = YES;
				CLANG_WARN_ENUM_CONVERSION = YES;
				CLANG_WARN_INFINITE_RECURSION = YES;
				CLANG_WARN_INT_CONVERSION = YES;
				CLANG_WARN_NON_LITERAL_NULL_CONVERSION = YES;
				CLANG_WARN_OBJC_IMPLICIT_RETAIN_SELF = YES;
				CLANG_WARN_OBJC_LITERAL_CONVERSION = YES;
				CLANG_WARN_OBJC_ROOT_CLASS = YES_ERROR;
				CLANG_WARN_QUOTED_INCLUDE_IN_FRAMEWORK_HEADER = YES;
				CLANG_WARN_RANGE_LOOP_ANALYSIS = YES;
				CLANG_WARN_STRICT_PROTOTYPES = YES;
				CLANG_WARN_SUSPICIOUS_MOVE = YES;
				CLANG_WARN_UNGUARDED_AVAILABILITY = YES_AGGRESSIVE;
				CLANG_WARN_UNREACHABLE_CODE = YES;
				CLANG_WARN__DUPLICATE_METHOD_MATCH = YES;
				COPY_PHASE_STRIP = NO;
				DEBUG_INFORMATION_FORMAT = dwarf;
				ENABLE_STRICT_OBJC_MSGSEND = YES;
				ENABLE_TESTABILITY = YES;
				GCC_C_LANGUAGE_STANDARD = gnu11;
				GCC_DYNAMIC_NO_PIC = NO;
				GCC_NO_COMMON_BLOCKS = YES;
				GCC_OPTIMIZATION_LEVEL = 0;
				GCC_PREPROCESSOR_DEFINITIONS = (
					"DEBUG=1",
					"$(inherited)",
				);
				GCC_WARN_64_TO_32_BIT_CONVERSION = YES;
				GCC_WARN_ABOUT_RETURN_TYPE = YES_ERROR;
				GCC_WARN_UNDECLARED_SELECTOR = YES;
				GCC_WARN_UNINITIALIZED_AUTOS = YES_AGGRESSIVE;
				GCC_WARN_UNUSED_FUNCTION = YES;
				GCC_WARN_UNUSED_VARIABLE = YES;
				IPHONEOS_DEPLOYMENT_TARGET = 16.0;
				MTL_ENABLE_DEBUG_INFO = INCLUDE_SOURCE;
				MTL_FAST_MATH = YES;
				ONLY_ACTIVE_ARCH = YES;
				SDKROOT = iphoneos;
				SWIFT_ACTIVE_COMPILATION_CONDITIONS = DEBUG;
				SWIFT_OPTIMIZATION_LEVEL = "-Onone";
			};
			name = Debug;
		};
		50DEBD762917D62800BEAD23 /* Release */ = {
			isa = XCBuildConfiguration;
			buildSettings = {
				ALWAYS_SEARCH_USER_PATHS = NO;
				CLANG_ANALYZER_NONNULL = YES;
				CLANG_ANALYZER_NUMBER_OBJECT_CONVERSION = YES_AGGRESSIVE;
				CLANG_CXX_LANGUAGE_STANDARD = "gnu++20";
				CLANG_ENABLE_MODULES = YES;
				CLANG_ENABLE_OBJC_ARC = YES;
				CLANG_ENABLE_OBJC_WEAK = YES;
				CLANG_WARN_BLOCK_CAPTURE_AUTORELEASING = YES;
				CLANG_WARN_BOOL_CONVERSION = YES;
				CLANG_WARN_COMMA = YES;
				CLANG_WARN_CONSTANT_CONVERSION = YES;
				CLANG_WARN_DEPRECATED_OBJC_IMPLEMENTATIONS = YES;
				CLANG_WARN_DIRECT_OBJC_ISA_USAGE = YES_ERROR;
				CLANG_WARN_DOCUMENTATION_COMMENTS = YES;
				CLANG_WARN_EMPTY_BODY = YES;
				CLANG_WARN_ENUM_CONVERSION = YES;
				CLANG_WARN_INFINITE_RECURSION = YES;
				CLANG_WARN_INT_CONVERSION = YES;
				CLANG_WARN_NON_LITERAL_NULL_CONVERSION = YES;
				CLANG_WARN_OBJC_IMPLICIT_RETAIN_SELF = YES;
				CLANG_WARN_OBJC_LITERAL_CONVERSION = YES;
				CLANG_WARN_OBJC_ROOT_CLASS = YES_ERROR;
				CLANG_WARN_QUOTED_INCLUDE_IN_FRAMEWORK_HEADER = YES;
				CLANG_WARN_RANGE_LOOP_ANALYSIS = YES;
				CLANG_WARN_STRICT_PROTOTYPES = YES;
				CLANG_WARN_SUSPICIOUS_MOVE = YES;
				CLANG_WARN_UNGUARDED_AVAILABILITY = YES_AGGRESSIVE;
				CLANG_WARN_UNREACHABLE_CODE = YES;
				CLANG_WARN__DUPLICATE_METHOD_MATCH = YES;
				COPY_PHASE_STRIP = NO;
				DEBUG_INFORMATION_FORMAT = "dwarf-with-dsym";
				ENABLE_NS_ASSERTIONS = NO;
				ENABLE_STRICT_OBJC_MSGSEND = YES;
				GCC_C_LANGUAGE_STANDARD = gnu11;
				GCC_NO_COMMON_BLOCKS = YES;
				GCC_WARN_64_TO_32_BIT_CONVERSION = YES;
				GCC_WARN_ABOUT_RETURN_TYPE = YES_ERROR;
				GCC_WARN_UNDECLARED_SELECTOR = YES;
				GCC_WARN_UNINITIALIZED_AUTOS = YES_AGGRESSIVE;
				GCC_WARN_UNUSED_FUNCTION = YES;
				GCC_WARN_UNUSED_VARIABLE = YES;
				IPHONEOS_DEPLOYMENT_TARGET = 16.0;
				MTL_ENABLE_DEBUG_INFO = NO;
				MTL_FAST_MATH = YES;
				SDKROOT = iphoneos;
				SWIFT_COMPILATION_MODE = wholemodule;
				SWIFT_OPTIMIZATION_LEVEL = "-O";
				VALIDATE_PRODUCT = YES;
			};
			name = Release;
		};
		50DEBD782917D62800BEAD23 /* Debug */ = {
			isa = XCBuildConfiguration;
			buildSettings = {
				ASSETCATALOG_COMPILER_APPICON_NAME = AppIcon;
				ASSETCATALOG_COMPILER_GLOBAL_ACCENT_COLOR_NAME = AccentColor;
				CODE_SIGN_STYLE = Automatic;
				CURRENT_PROJECT_VERSION = 1;
				DEVELOPMENT_TEAM = L7LQ6FGAN3;
				GENERATE_INFOPLIST_FILE = YES;
				INFOPLIST_FILE = "Happy Clima/Info.plist";
				INFOPLIST_KEY_UIApplicationSupportsIndirectInputEvents = YES;
				INFOPLIST_KEY_UILaunchStoryboardName = LaunchScreen;
				INFOPLIST_KEY_UIMainStoryboardFile = Main;
				INFOPLIST_KEY_UISupportedInterfaceOrientations_iPad = "UIInterfaceOrientationPortrait UIInterfaceOrientationPortraitUpsideDown UIInterfaceOrientationLandscapeLeft UIInterfaceOrientationLandscapeRight";
				INFOPLIST_KEY_UISupportedInterfaceOrientations_iPhone = "UIInterfaceOrientationPortrait UIInterfaceOrientationLandscapeLeft UIInterfaceOrientationLandscapeRight";
				LD_RUNPATH_SEARCH_PATHS = (
					"$(inherited)",
					"@executable_path/Frameworks",
				);
				MARKETING_VERSION = 1.0;
				PRODUCT_BUNDLE_IDENTIFIER = "com.vinicius.oliveira.Happy-Clima";
				PRODUCT_NAME = "$(TARGET_NAME)";
				SWIFT_EMIT_LOC_STRINGS = YES;
				SWIFT_VERSION = 5.0;
				TARGETED_DEVICE_FAMILY = "1,2";
			};
			name = Debug;
		};
		50DEBD792917D62800BEAD23 /* Release */ = {
			isa = XCBuildConfiguration;
			buildSettings = {
				ASSETCATALOG_COMPILER_APPICON_NAME = AppIcon;
				ASSETCATALOG_COMPILER_GLOBAL_ACCENT_COLOR_NAME = AccentColor;
				CODE_SIGN_STYLE = Automatic;
				CURRENT_PROJECT_VERSION = 1;
				DEVELOPMENT_TEAM = L7LQ6FGAN3;
				GENERATE_INFOPLIST_FILE = YES;
				INFOPLIST_FILE = "Happy Clima/Info.plist";
				INFOPLIST_KEY_UIApplicationSupportsIndirectInputEvents = YES;
				INFOPLIST_KEY_UILaunchStoryboardName = LaunchScreen;
				INFOPLIST_KEY_UIMainStoryboardFile = Main;
				INFOPLIST_KEY_UISupportedInterfaceOrientations_iPad = "UIInterfaceOrientationPortrait UIInterfaceOrientationPortraitUpsideDown UIInterfaceOrientationLandscapeLeft UIInterfaceOrientationLandscapeRight";
				INFOPLIST_KEY_UISupportedInterfaceOrientations_iPhone = "UIInterfaceOrientationPortrait UIInterfaceOrientationLandscapeLeft UIInterfaceOrientationLandscapeRight";
				LD_RUNPATH_SEARCH_PATHS = (
					"$(inherited)",
					"@executable_path/Frameworks",
				);
				MARKETING_VERSION = 1.0;
				PRODUCT_BUNDLE_IDENTIFIER = "com.vinicius.oliveira.Happy-Clima";
				PRODUCT_NAME = "$(TARGET_NAME)";
				SWIFT_EMIT_LOC_STRINGS = YES;
				SWIFT_VERSION = 5.0;
				TARGETED_DEVICE_FAMILY = "1,2";
			};
			name = Release;
		};
/* End XCBuildConfiguration section */

/* Begin XCConfigurationList section */
		50DEBD5E2917D62700BEAD23 /* Build configuration list for PBXProject "Happy Clima" */ = {
			isa = XCConfigurationList;
			buildConfigurations = (
				50DEBD752917D62800BEAD23 /* Debug */,
				50DEBD762917D62800BEAD23 /* Release */,
			);
			defaultConfigurationIsVisible = 0;
			defaultConfigurationName = Release;
		};
		50DEBD772917D62800BEAD23 /* Build configuration list for PBXNativeTarget "Happy Clima" */ = {
			isa = XCConfigurationList;
			buildConfigurations = (
				50DEBD782917D62800BEAD23 /* Debug */,
				50DEBD792917D62800BEAD23 /* Release */,
			);
			defaultConfigurationIsVisible = 0;
			defaultConfigurationName = Release;
		};
/* End XCConfigurationList section */
	};
	rootObject = 50DEBD5B2917D62700BEAD23 /* Project object */;
}
